
Microsoft Visual Studio Solution File, Format Version 12.00
# Visual Studio Version 16
VisualStudioVersion = 16.0.30128.74
MinimumVisualStudioVersion = 10.0.40219.1
Project("{2150E333-8FDC-42A3-9474-1A3956D46DE8}") = "1 - Application", "1 - Application", "{B7F89E23-8A06-41FE-8B66-EEE701EBFC55}"
EndProject
Project("{2150E333-8FDC-42A3-9474-1A3956D46DE8}") = "2 - Domain", "2 - Domain", "{C7800356-C2F9-4B69-916F-7E0FEA7FED62}"
EndProject
Project("{2150E333-8FDC-42A3-9474-1A3956D46DE8}") = "3 - Service", "3 - Service", "{EB186207-16CA-4212-AA3B-B45AA9E67726}"
EndProject
Project("{2150E333-8FDC-42A3-9474-1A3956D46DE8}") = "4 - Infra", "4 - Infra", "{BD122E79-B45B-4B83-9117-5B5FE26935D9}"
EndProject
Project("{2150E333-8FDC-42A3-9474-1A3956D46DE8}") = "4.1 - Data", "4.1 - Data", "{77802D72-39AA-4005-92BD-5A06754E2D2D}"
EndProject
Project("{2150E333-8FDC-42A3-9474-1A3956D46DE8}") = "4.2 CrossCutting", "4.2 CrossCutting", "{98999BC4-65EE-4F32-978C-F0E5ACA5643D}"
EndProject
Project("{9A19103F-16F7-4668-BE54-9A1E7A4F7556}") = "SKY.Application", "SKY.Application\SKY.Application.csproj", "{A58C041A-F46F-4636-8D50-72E5A12A2846}"
EndProject
Project("{9A19103F-16F7-4668-BE54-9A1E7A4F7556}") = "SKY.Domain", "SKY.Domain\SKY.Domain.csproj", "{C19E0FBC-236D-4A1B-B3D1-FC873B7B5E4A}"
EndProject
Project("{9A19103F-16F7-4668-BE54-9A1E7A4F7556}") = "SKY.Infra.Data", "SKY.Infra.Data\SKY.Infra.Data.csproj", "{D6C4B7ED-5DD8-41E0-8100-B1521076A029}"
EndProject
Project("{9A19103F-16F7-4668-BE54-9A1E7A4F7556}") = "SKY.Infra.CrossCutting", "SKY.Infra.CrossCutting\SKY.Infra.CrossCutting.csproj", "{5393B394-F22A-4B9C-A59D-8C4CCD834FA0}"
EndProject
Project("{2150E333-8FDC-42A3-9474-1A3956D46DE8}") = "4.3 - Shared", "4.3 - Shared", "{0FAA6AA7-71CD-4AC0-8F35-F7AEDC23ADAF}"
EndProject
Project("{9A19103F-16F7-4668-BE54-9A1E7A4F7556}") = "SKY.Infra.Shared", "SKY.Infra.Shared\SKY.Infra.Shared.csproj", "{26A4809A-566B-486D-8350-93AE0F7359BC}"
EndProject
Project("{9A19103F-16F7-4668-BE54-9A1E7A4F7556}") = "SKY.Service", "SKY.Service\SKY.Service.csproj", "{16E9E3D4-AD7C-49DC-8226-6C1093B9312E}"
EndProject
Project("{2150E333-8FDC-42A3-9474-1A3956D46DE8}") = "4.4 - UnitTests", "4.4 - UnitTests", "{16EA2CDA-53A8-407C-9165-3439AD464A0F}"
EndProject
Project("{FAE04EC0-301F-11D3-BF4B-00C04F79EFBC}") = "SKY.UnitTest", "SKY.UnitTest\SKY.UnitTest.csproj", "{C80C628B-CE91-4094-936A-3895CA337851}"
EndProject
Global
	GlobalSection(SolutionConfigurationPlatforms) = preSolution
		Debug|Any CPU = Debug|Any CPU
		Release|Any CPU = Release|Any CPU
	EndGlobalSection
	GlobalSection(ProjectConfigurationPlatforms) = postSolution
		{A58C041A-F46F-4636-8D50-72E5A12A2846}.Debug|Any CPU.ActiveCfg = Debug|Any CPU
		{A58C041A-F46F-4636-8D50-72E5A12A2846}.Debug|Any CPU.Build.0 = Debug|Any CPU
		{A58C041A-F46F-4636-8D50-72E5A12A2846}.Release|Any CPU.ActiveCfg = Release|Any CPU
		{A58C041A-F46F-4636-8D50-72E5A12A2846}.Release|Any CPU.Build.0 = Release|Any CPU
		{C19E0FBC-236D-4A1B-B3D1-FC873B7B5E4A}.Debug|Any CPU.ActiveCfg = Debug|Any CPU
		{C19E0FBC-236D-4A1B-B3D1-FC873B7B5E4A}.Debug|Any CPU.Build.0 = Debug|Any CPU
		{C19E0FBC-236D-4A1B-B3D1-FC873B7B5E4A}.Release|Any CPU.ActiveCfg = Release|Any CPU
		{C19E0FBC-236D-4A1B-B3D1-FC873B7B5E4A}.Release|Any CPU.Build.0 = Release|Any CPU
		{D6C4B7ED-5DD8-41E0-8100-B1521076A029}.Debug|Any CPU.ActiveCfg = Debug|Any CPU
		{D6C4B7ED-5DD8-41E0-8100-B1521076A029}.Debug|Any CPU.Build.0 = Debug|Any CPU
		{D6C4B7ED-5DD8-41E0-8100-B1521076A029}.Release|Any CPU.ActiveCfg = Release|Any CPU
		{D6C4B7ED-5DD8-41E0-8100-B1521076A029}.Release|Any CPU.Build.0 = Release|Any CPU
		{5393B394-F22A-4B9C-A59D-8C4CCD834FA0}.Debug|Any CPU.ActiveCfg = Debug|Any CPU
		{5393B394-F22A-4B9C-A59D-8C4CCD834FA0}.Debug|Any CPU.Build.0 = Debug|Any CPU
		{5393B394-F22A-4B9C-A59D-8C4CCD834FA0}.Release|Any CPU.ActiveCfg = Release|Any CPU
		{5393B394-F22A-4B9C-A59D-8C4CCD834FA0}.Release|Any CPU.Build.0 = Release|Any CPU
		{26A4809A-566B-486D-8350-93AE0F7359BC}.Debug|Any CPU.ActiveCfg = Debug|Any CPU
		{26A4809A-566B-486D-8350-93AE0F7359BC}.Debug|Any CPU.Build.0 = Debug|Any CPU
		{26A4809A-566B-486D-8350-93AE0F7359BC}.Release|Any CPU.ActiveCfg = Release|Any CPU
		{26A4809A-566B-486D-8350-93AE0F7359BC}.Release|Any CPU.Build.0 = Release|Any CPU
		{16E9E3D4-AD7C-49DC-8226-6C1093B9312E}.Debug|Any CPU.ActiveCfg = Debug|Any CPU
		{16E9E3D4-AD7C-49DC-8226-6C1093B9312E}.Debug|Any CPU.Build.0 = Debug|Any CPU
		{16E9E3D4-AD7C-49DC-8226-6C1093B9312E}.Release|Any CPU.ActiveCfg = Release|Any CPU
		{16E9E3D4-AD7C-49DC-8226-6C1093B9312E}.Release|Any CPU.Build.0 = Release|Any CPU
		{C80C628B-CE91-4094-936A-3895CA337851}.Debug|Any CPU.ActiveCfg = Debug|Any CPU
		{C80C628B-CE91-4094-936A-3895CA337851}.Debug|Any CPU.Build.0 = Debug|Any CPU
		{C80C628B-CE91-4094-936A-3895CA337851}.Release|Any CPU.ActiveCfg = Release|Any CPU
		{C80C628B-CE91-4094-936A-3895CA337851}.Release|Any CPU.Build.0 = Release|Any CPU
	EndGlobalSection
	GlobalSection(SolutionProperties) = preSolution
		HideSolutionNode = FALSE
	EndGlobalSection
	GlobalSection(NestedProjects) = preSolution
		{77802D72-39AA-4005-92BD-5A06754E2D2D} = {BD122E79-B45B-4B83-9117-5B5FE26935D9}
		{98999BC4-65EE-4F32-978C-F0E5ACA5643D} = {BD122E79-B45B-4B83-9117-5B5FE26935D9}
		{A58C041A-F46F-4636-8D50-72E5A12A2846} = {B7F89E23-8A06-41FE-8B66-EEE701EBFC55}
		{C19E0FBC-236D-4A1B-B3D1-FC873B7B5E4A} = {C7800356-C2F9-4B69-916F-7E0FEA7FED62}
		{D6C4B7ED-5DD8-41E0-8100-B1521076A029} = {77802D72-39AA-4005-92BD-5A06754E2D2D}
		{5393B394-F22A-4B9C-A59D-8C4CCD834FA0} = {98999BC4-65EE-4F32-978C-F0E5ACA5643D}
		{0FAA6AA7-71CD-4AC0-8F35-F7AEDC23ADAF} = {BD122E79-B45B-4B83-9117-5B5FE26935D9}
		{26A4809A-566B-486D-8350-93AE0F7359BC} = {0FAA6AA7-71CD-4AC0-8F35-F7AEDC23ADAF}
		{16E9E3D4-AD7C-49DC-8226-6C1093B9312E} = {EB186207-16CA-4212-AA3B-B45AA9E67726}
		{16EA2CDA-53A8-407C-9165-3439AD464A0F} = {BD122E79-B45B-4B83-9117-5B5FE26935D9}
		{C80C628B-CE91-4094-936A-3895CA337851} = {16EA2CDA-53A8-407C-9165-3439AD464A0F}
	EndGlobalSection
	GlobalSection(ExtensibilityGlobals) = postSolution
		SolutionGuid = {DB6A5D5C-87A3-4F13-9A3B-2AD9EE1F8EA3}
	EndGlobalSection
EndGlobal
